{
  "originHash" : "ed8af1850f1d6702776e4e4e7bb3e2561ac5d5121d9388db63a97715a04fcb5d",
  "pins" : [
    {
      "identity" : "capacitor-swift-pm",
      "kind" : "remoteSourceControl",
      "location" : "https://github.com/ionic-team/capacitor-swift-pm.git",
      "state" : {
        "revision" : "3fe94bbbe43e63ada75aa6788fc10e3764622a97",
        "version" : "6.2.1"
      }
    }
  ],
  "version" : 3
}
